// !$*UTF8*$!
{
	archiveVersion = 1;
	classes = {
	};
	objectVersion = 50;
	objects = {

/* Begin PBXBuildFile section */
		AA2AC331258582D10065792D /* DesignCodeCourse_iOSApp.swift in Sources */ = {isa = PBXBuildFile; fileRef = AA2AC31E258582CF0065792D /* DesignCodeCourse_iOSApp.swift */; };
		AA2AC332258582D10065792D /* DesignCodeCourse_iOSApp.swift in Sources */ = {isa = PBXBuildFile; fileRef = AA2AC31E258582CF0065792D /* DesignCodeCourse_iOSApp.swift */; };
		AA2AC333258582D10065792D /* ContentView.swift in Sources */ = {isa = PBXBuildFile; fileRef = AA2AC31F258582CF0065792D /* ContentView.swift */; };
		AA2AC334258582D10065792D /* ContentView.swift in Sources */ = {isa = PBXBuildFile; fileRef = AA2AC31F258582CF0065792D /* ContentView.swift */; };
		AA2AC335258582D10065792D /* Assets.xcassets in Resources */ = {isa = PBXBuildFile; fileRef = AA2AC320258582D10065792D /* Assets.xcassets */; };
		AA2AC336258582D10065792D /* Assets.xcassets in Resources */ = {isa = PBXBuildFile; fileRef = AA2AC320258582D10065792D /* Assets.xcassets */; };
/* End PBXBuildFile section */

/* Begin PBXFileReference section */
		AA2AC31E258582CF0065792D /* DesignCodeCourse_iOSApp.swift */ = {isa = PBXFileReference; lastKnownFileType = sourcecode.swift; path = DesignCodeCourse_iOSApp.swift; sourceTree = "<group>"; };
		AA2AC31F258582CF0065792D /* ContentView.swift */ = {isa = PBXFileReference; lastKnownFileType = sourcecode.swift; path = ContentView.swift; sourceTree = "<group>"; };
		AA2AC320258582D10065792D /* Assets.xcassets */ = {isa = PBXFileReference; lastKnownFileType = folder.assetcatalog; path = Assets.xcassets; sourceTree = "<group>"; };
		AA2AC325258582D10065792D /* DesignCodeCourse.iOS.app */ = {isa = PBXFileReference; explicitFileType = wrapper.application; includeInIndex = 0; path = DesignCodeCourse.iOS.app; sourceTree = BUILT_PRODUCTS_DIR; };
		AA2AC328258582D10065792D /* Info.plist */ = {isa = PBXFileReference; lastKnownFileType = text.plist.xml; path = Info.plist; sourceTree = "<group>"; };
		AA2AC32D258582D10065792D /* DesignCodeCourse.iOS.app */ = {isa = PBXFileReference; explicitFileType = wrapper.application; includeInIndex = 0; path = DesignCodeCourse.iOS.app; sourceTree = BUILT_PRODUCTS_DIR; };
		AA2AC32F258582D10065792D /* Info.plist */ = {isa = PBXFileReference; lastKnownFileType = text.plist.xml; path = Info.plist; sourceTree = "<group>"; };
		AA2AC330258582D10065792D /* macOS.entitlements */ = {isa = PBXFileReference; lastKnownFileType = text.plist.entitlements; path = macOS.entitlements; sourceTree = "<group>"; };
/* End PBXFileReference section */

/* Begin PBXFrameworksBuildPhase section */
		AA2AC322258582D10065792D /* Frameworks */ = {
			isa = PBXFrameworksBuildPhase;
			buildActionMask = 2147483647;
			files = (
			);
			runOnlyForDeploymentPostprocessing = 0;
		};
		AA2AC32A258582D10065792D /* Frameworks */ = {
			isa = PBXFrameworksBuildPhase;
			buildActionMask = 2147483647;
			files = (
			);
			runOnlyForDeploymentPostprocessing = 0;
		};
/* End PBXFrameworksBuildPhase section */

/* Begin PBXGroup section */
		AA2AC318258582CF0065792D = {
			isa = PBXGroup;
			children = (
				AA2AC31D258582CF0065792D /* Shared */,
				AA2AC327258582D10065792D /* iOS */,
				AA2AC32E258582D10065792D /* macOS */,
				AA2AC326258582D10065792D /* Products */,
			);
			sourceTree = "<group>";
		};
		AA2AC31D258582CF0065792D /* Shared */ = {
			isa = PBXGroup;
			children = (
				AA2AC31E258582CF0065792D /* DesignCodeCourse_iOSApp.swift */,
				AA2AC31F258582CF0065792D /* ContentView.swift */,
				AA2AC320258582D10065792D /* Assets.xcassets */,
			);
			path = Shared;
			sourceTree = "<group>";
		};
		AA2AC326258582D10065792D /* Products */ = {
			isa = PBXGroup;
			children = (
				AA2AC325258582D10065792D /* DesignCodeCourse.iOS.app */,
				AA2AC32D258582D10065792D /* DesignCodeCourse.iOS.app */,
			);
			name = Products;
			sourceTree = "<group>";
		};
		AA2AC327258582D10065792D /* iOS */ = {
			isa = PBXGroup;
			children = (
				AA2AC328258582D10065792D /* Info.plist */,
			);
			path = iOS;
			sourceTree = "<group>";
		};
		AA2AC32E258582D10065792D /* macOS */ = {
			isa = PBXGroup;
			children = (
				AA2AC32F258582D10065792D /* Info.plist */,
				AA2AC330258582D10065792D /* macOS.entitlements */,
			);
			path = macOS;
			sourceTree = "<group>";
		};
/* End PBXGroup section */

/* Begin PBXNativeTarget section */
		AA2AC324258582D10065792D /* DesignCodeCourse.iOS (iOS) */ = {
			isa = PBXNativeTarget;
			buildConfigurationList = AA2AC339258582D10065792D /* Build configuration list for PBXNativeTarget "DesignCodeCourse.iOS (iOS)" */;
			buildPhases = (
				AA2AC321258582D10065792D /* Sources */,
				AA2AC322258582D10065792D /* Frameworks */,
				AA2AC323258582D10065792D /* Resources */,
			);
			buildRules = (
			);
			dependencies = (
			);
			name = "DesignCodeCourse.iOS (iOS)";
			productName = "DesignCodeCourse.iOS (iOS)";
			productReference = AA2AC325258582D10065792D /* DesignCodeCourse.iOS.app */;
			productType = "com.apple.product-type.application";
		};
		AA2AC32C258582D10065792D /* DesignCodeCourse.iOS (macOS) */ = {
			isa = PBXNativeTarget;
			buildConfigurationList = AA2AC33C258582D10065792D /* Build configuration list for PBXNativeTarget "DesignCodeCourse.iOS (macOS)" */;
			buildPhases = (
				AA2AC329258582D10065792D /* Sources */,
				AA2AC32A258582D10065792D /* Frameworks */,
				AA2AC32B258582D10065792D /* Resources */,
			);
			buildRules = (
			);
			dependencies = (
			);
			name = "DesignCodeCourse.iOS (macOS)";
			productName = "DesignCodeCourse.iOS (macOS)";
			productReference = AA2AC32D258582D10065792D /* DesignCodeCourse.iOS.app */;
			productType = "com.apple.product-type.application";
		};
/* End PBXNativeTarget section */

/* Begin PBXProject section */
		AA2AC319258582CF0065792D /* Project object */ = {
			isa = PBXProject;
			attributes = {
				LastSwiftUpdateCheck = 1220;
				LastUpgradeCheck = 1220;
				TargetAttributes = {
					AA2AC324258582D10065792D = {
						CreatedOnToolsVersion = 12.2;
					};
					AA2AC32C258582D10065792D = {
						CreatedOnToolsVersion = 12.2;
					};
				};
			};
			buildConfigurationList = AA2AC31C258582CF0065792D /* Build configuration list for PBXProject "DesignCodeCourse.iOS" */;
			compatibilityVersion = "Xcode 9.3";
			developmentRegion = en;
			hasScannedForEncodings = 0;
			knownRegions = (
				en,
				Base,
			);
			mainGroup = AA2AC318258582CF0065792D;
			productRefGroup = AA2AC326258582D10065792D /* Products */;
			projectDirPath = "";
			projectRoot = "";
			targets = (
				AA2AC324258582D10065792D /* DesignCodeCourse.iOS (iOS) */,
				AA2AC32C258582D10065792D /* DesignCodeCourse.iOS (macOS) */,
			);
		};
/* End PBXProject section */

/* Begin PBXResourcesBuildPhase section */
		AA2AC323258582D10065792D /* Resources */ = {
			isa = PBXResourcesBuildPhase;
			buildActionMask = 2147483647;
			files = (
				AA2AC335258582D10065792D /* Assets.xcassets in Resources */,
			);
			runOnlyForDeploymentPostprocessing = 0;
		};
		AA2AC32B258582D10065792D /* Resources */ = {
			isa = PBXResourcesBuildPhase;
			buildActionMask = 2147483647;
			files = (
				AA2AC336258582D10065792D /* Assets.xcassets in Resources */,
			);
			runOnlyForDeploymentPostprocessing = 0;
		};
/* End PBXResourcesBuildPhase section */

/* Begin PBXSourcesBuildPhase section */
		AA2AC321258582D10065792D /* Sources */ = {
			isa = PBXSourcesBuildPhase;
			buildActionMask = 2147483647;
			files = (
				AA2AC333258582D10065792D /* ContentView.swift in Sources */,
				AA2AC331258582D10065792D /* DesignCodeCourse_iOSApp.swift in Sources */,
			);
			runOnlyForDeploymentPostprocessing = 0;
		};
		AA2AC329258582D10065792D /* Sources */ = {
			isa = PBXSourcesBuildPhase;
			buildActionMask = 2147483647;
			files = (
				AA2AC334258582D10065792D /* ContentView.swift in Sources */,
				AA2AC332258582D10065792D /* DesignCodeCourse_iOSApp.swift in Sources */,
			);
			runOnlyForDeploymentPostprocessing = 0;
		};
/* End PBXSourcesBuildPhase section */

/* Begin XCBuildConfiguration section */
		AA2AC337258582D10065792D /* Debug */ = {
			isa = XCBuildConfiguration;
			buildSettings = {
				ALWAYS_SEARCH_USER_PATHS = NO;
				CLANG_ANALYZER_NONNULL = YES;
				CLANG_ANALYZER_NUMBER_OBJECT_CONVERSION = YES_AGGRESSIVE;
				CLANG_CXX_LANGUAGE_STANDARD = "gnu++14";
				CLANG_CXX_LIBRARY = "libc++";
				CLANG_ENABLE_MODULES = YES;
				CLANG_ENABLE_OBJC_ARC = YES;
				CLANG_ENABLE_OBJC_WEAK = YES;
				CLANG_WARN_BLOCK_CAPTURE_AUTORELEASING = YES;
				CLANG_WARN_BOOL_CONVERSION = YES;
				CLANG_WARN_COMMA = YES;
				CLANG_WARN_CONSTANT_CONVERSION = YES;
				CLANG_WARN_DEPRECATED_OBJC_IMPLEMENTATIONS = YES;
				CLANG_WARN_DIRECT_OBJC_ISA_USAGE = YES_ERROR;
				CLANG_WARN_DOCUMENTATION_COMMENTS = YES;
				CLANG_WARN_EMPTY_BODY = YES;
				CLANG_WARN_ENUM_CONVERSION = YES;
				CLANG_WARN_INFINITE_RECURSION = YES;
				CLANG_WARN_INT_CONVERSION = YES;
				CLANG_WARN_NON_LITERAL_NULL_CONVERSION = YES;
				CLANG_WARN_OBJC_IMPLICIT_RETAIN_SELF = YES;
				CLANG_WARN_OBJC_LITERAL_CONVERSION = YES;
				CLANG_WARN_OBJC_ROOT_CLASS = YES_ERROR;
				CLANG_WARN_QUOTED_INCLUDE_IN_FRAMEWORK_HEADER = YES;
				CLANG_WARN_RANGE_LOOP_ANALYSIS = YES;
				CLANG_WARN_STRICT_PROTOTYPES = YES;
				CLANG_WARN_SUSPICIOUS_MOVE = YES;
				CLANG_WARN_UNGUARDED_AVAILABILITY = YES_AGGRESSIVE;
				CLANG_WARN_UNREACHABLE_CODE = YES;
				CLANG_WARN__DUPLICATE_METHOD_MATCH = YES;
				COPY_PHASE_STRIP = NO;
				DEBUG_INFORMATION_FORMAT = dwarf;
				ENABLE_STRICT_OBJC_MSGSEND = YES;
				ENABLE_TESTABILITY = YES;
				GCC_C_LANGUAGE_STANDARD = gnu11;
				GCC_DYNAMIC_NO_PIC = NO;
				GCC_NO_COMMON_BLOCKS = YES;
				GCC_OPTIMIZATION_LEVEL = 0;
				GCC_PREPROCESSOR_DEFINITIONS = (
					"DEBUG=1",
					"$(inherited)",
				);
				GCC_WARN_64_TO_32_BIT_CONVERSION = YES;
				GCC_WARN_ABOUT_RETURN_TYPE = YES_ERROR;
				GCC_WARN_UNDECLARED_SELECTOR = YES;
				GCC_WARN_UNINITIALIZED_AUTOS = YES_AGGRESSIVE;
				GCC_WARN_UNUSED_FUNCTION = YES;
				GCC_WARN_UNUSED_VARIABLE = YES;
				MTL_ENABLE_DEBUG_INFO = INCLUDE_SOURCE;
				MTL_FAST_MATH = YES;
				ONLY_ACTIVE_ARCH = YES;
				SWIFT_ACTIVE_COMPILATION_CONDITIONS = DEBUG;
				SWIFT_OPTIMIZATION_LEVEL = "-Onone";
			};
			name = Debug;
		};
		AA2AC338258582D10065792D /* Release */ = {
			isa = XCBuildConfiguration;
			buildSettings = {
				ALWAYS_SEARCH_USER_PATHS = NO;
				CLANG_ANALYZER_NONNULL = YES;
				CLANG_ANALYZER_NUMBER_OBJECT_CONVERSION = YES_AGGRESSIVE;
				CLANG_CXX_LANGUAGE_STANDARD = "gnu++14";
				CLANG_CXX_LIBRARY = "libc++";
				CLANG_ENABLE_MODULES = YES;
				CLANG_ENABLE_OBJC_ARC = YES;
				CLANG_ENABLE_OBJC_WEAK = YES;
				CLANG_WARN_BLOCK_CAPTURE_AUTORELEASING = YES;
				CLANG_WARN_BOOL_CONVERSION = YES;
				CLANG_WARN_COMMA = YES;
				CLANG_WARN_CONSTANT_CONVERSION = YES;
				CLANG_WARN_DEPRECATED_OBJC_IMPLEMENTATIONS = YES;
				CLANG_WARN_DIRECT_OBJC_ISA_USAGE = YES_ERROR;
				CLANG_WARN_DOCUMENTATION_COMMENTS = YES;
				CLANG_WARN_EMPTY_BODY = YES;
				CLANG_WARN_ENUM_CONVERSION = YES;
				CLANG_WARN_INFINITE_RECURSION = YES;
				CLANG_WARN_INT_CONVERSION = YES;
				CLANG_WARN_NON_LITERAL_NULL_CONVERSION = YES;
				CLANG_WARN_OBJC_IMPLICIT_RETAIN_SELF = YES;
				CLANG_WARN_OBJC_LITERAL_CONVERSION = YES;
				CLANG_WARN_OBJC_ROOT_CLASS = YES_ERROR;
				CLANG_WARN_QUOTED_INCLUDE_IN_FRAMEWORK_HEADER = YES;
				CLANG_WARN_RANGE_LOOP_ANALYSIS = YES;
				CLANG_WARN_STRICT_PROTOTYPES = YES;
				CLANG_WARN_SUSPICIOUS_MOVE = YES;
				CLANG_WARN_UNGUARDED_AVAILABILITY = YES_AGGRESSIVE;
				CLANG_WARN_UNREACHABLE_CODE = YES;
				CLANG_WARN__DUPLICATE_METHOD_MATCH = YES;
				COPY_PHASE_STRIP = NO;
				DEBUG_INFORMATION_FORMAT = "dwarf-with-dsym";
				ENABLE_NS_ASSERTIONS = NO;
				ENABLE_STRICT_OBJC_MSGSEND = YES;
				GCC_C_LANGUAGE_STANDARD = gnu11;
				GCC_NO_COMMON_BLOCKS = YES;
				GCC_WARN_64_TO_32_BIT_CONVERSION = YES;
				GCC_WARN_ABOUT_RETURN_TYPE = YES_ERROR;
				GCC_WARN_UNDECLARED_SELECTOR = YES;
				GCC_WARN_UNINITIALIZED_AUTOS = YES_AGGRESSIVE;
				GCC_WARN_UNUSED_FUNCTION = YES;
				GCC_WARN_UNUSED_VARIABLE = YES;
				MTL_ENABLE_DEBUG_INFO = NO;
				MTL_FAST_MATH = YES;
				SWIFT_COMPILATION_MODE = wholemodule;
				SWIFT_OPTIMIZATION_LEVEL = "-O";
			};
			name = Release;
		};
		AA2AC33A258582D10065792D /* Debug */ = {
			isa = XCBuildConfiguration;
			buildSettings = {
				ASSETCATALOG_COMPILER_APPICON_NAME = AppIcon;
				ASSETCATALOG_COMPILER_GLOBAL_ACCENT_COLOR_NAME = AccentColor;
				CODE_SIGN_STYLE = Automatic;
				DEVELOPMENT_TEAM = WFH42MLY58;
				ENABLE_PREVIEWS = YES;
				INFOPLIST_FILE = iOS/Info.plist;
				IPHONEOS_DEPLOYMENT_TARGET = 14.0;
				LD_RUNPATH_SEARCH_PATHS = (
					"$(inherited)",
					"@executable_path/Frameworks",
				);
				PRODUCT_BUNDLE_IDENTIFIER = "FETHAN.DesignCodeCourse-iOS";
				PRODUCT_NAME = DesignCodeCourse.iOS;
				SDKROOT = iphoneos;
				SWIFT_VERSION = 5.0;
				TARGETED_DEVICE_FAMILY = "1,2";
			};
			name = Debug;
		};
		AA2AC33B258582D10065792D /* Release */ = {
			isa = XCBuildConfiguration;
			buildSettings = {
				ASSETCATALOG_COMPILER_APPICON_NAME = AppIcon;
				ASSETCATALOG_COMPILER_GLOBAL_ACCENT_COLOR_NAME = AccentColor;
				CODE_SIGN_STYLE = Automatic;
				DEVELOPMENT_TEAM = WFH42MLY58;
				ENABLE_PREVIEWS = YES;
				INFOPLIST_FILE = iOS/Info.plist;
				IPHONEOS_DEPLOYMENT_TARGET = 14.0;
				LD_RUNPATH_SEARCH_PATHS = (
					"$(inherited)",
					"@executable_path/Frameworks",
				);
				PRODUCT_BUNDLE_IDENTIFIER = "FETHAN.DesignCodeCourse-iOS";
				PRODUCT_NAME = DesignCodeCourse.iOS;
				SDKROOT = iphoneos;
				SWIFT_VERSION = 5.0;
				TARGETED_DEVICE_FAMILY = "1,2";
				VALIDATE_PRODUCT = YES;
			};
			name = Release;
		};
		AA2AC33D258582D10065792D /* Debug */ = {
			isa = XCBuildConfiguration;
			buildSettings = {
				ASSETCATALOG_COMPILER_APPICON_NAME = AppIcon;
				ASSETCATALOG_COMPILER_GLOBAL_ACCENT_COLOR_NAME = AccentColor;
				CODE_SIGN_ENTITLEMENTS = macOS/macOS.entitlements;
				CODE_SIGN_STYLE = Automatic;
				COMBINE_HIDPI_IMAGES = YES;
				DEVELOPMENT_TEAM = WFH42MLY58;
				ENABLE_HARDENED_RUNTIME = YES;
				ENABLE_PREVIEWS = YES;
				INFOPLIST_FILE = macOS/Info.plist;
				LD_RUNPATH_SEARCH_PATHS = (
					"$(inherited)",
					"@executable_path/../Frameworks",
				);
				MACOSX_DEPLOYMENT_TARGET = 11.0;
				PRODUCT_BUNDLE_IDENTIFIER = "FETHAN.DesignCodeCourse-iOS";
				PRODUCT_NAME = DesignCodeCourse.iOS;
				SDKROOT = macosx;
				SWIFT_VERSION = 5.0;
			};
			name = Debug;
		};
		AA2AC33E258582D10065792D /* Release */ = {
			isa = XCBuildConfiguration;
			buildSettings = {
				ASSETCATALOG_COMPILER_APPICON_NAME = AppIcon;
				ASSETCATALOG_COMPILER_GLOBAL_ACCENT_COLOR_NAME = AccentColor;
				CODE_SIGN_ENTITLEMENTS = macOS/macOS.entitlements;
				CODE_SIGN_STYLE = Automatic;
				COMBINE_HIDPI_IMAGES = YES;
				DEVELOPMENT_TEAM = WFH42MLY58;
				ENABLE_HARDENED_RUNTIME = YES;
				ENABLE_PREVIEWS = YES;
				INFOPLIST_FILE = macOS/Info.plist;
				LD_RUNPATH_SEARCH_PATHS = (
					"$(inherited)",
					"@executable_path/../Frameworks",
				);
				MACOSX_DEPLOYMENT_TARGET = 11.0;
				PRODUCT_BUNDLE_IDENTIFIER = "FETHAN.DesignCodeCourse-iOS";
				PRODUCT_NAME = DesignCodeCourse.iOS;
				SDKROOT = macosx;
				SWIFT_VERSION = 5.0;
			};
			name = Release;
		};
/* End XCBuildConfiguration section */

/* Begin XCConfigurationList section */
		AA2AC31C258582CF0065792D /* Build configuration list for PBXProject "DesignCodeCourse.iOS" */ = {
			isa = XCConfigurationList;
			buildConfigurations = (
				AA2AC337258582D10065792D /* Debug */,
				AA2AC338258582D10065792D /* Release */,
			);
			defaultConfigurationIsVisible = 0;
			defaultConfigurationName = Release;
		};
		AA2AC339258582D10065792D /* Build configuration list for PBXNativeTarget "DesignCodeCourse.iOS (iOS)" */ = {
			isa = XCConfigurationList;
			buildConfigurations = (
				AA2AC33A258582D10065792D /* Debug */,
				AA2AC33B258582D10065792D /* Release */,
			);
			defaultConfigurationIsVisible = 0;
			defaultConfigurationName = Release;
		};
		AA2AC33C258582D10065792D /* Build configuration list for PBXNativeTarget "DesignCodeCourse.iOS (macOS)" */ = {
			isa = XCConfigurationList;
			buildConfigurations = (
				AA2AC33D258582D10065792D /* Debug */,
				AA2AC33E258582D10065792D /* Release */,
			);
			defaultConfigurationIsVisible = 0;
			defaultConfigurationName = Release;
		};
/* End XCConfigurationList section */
	};
	rootObject = AA2AC319258582CF0065792D /* Project object */;
}
